
Microsoft Visual Studio Solution File, Format Version 12.00
# Visual Studio Version 16
VisualStudioVersion = 16.0.31829.152
MinimumVisualStudioVersion = 10.0.40219.1
Project("{FAE04EC0-301F-11D3-BF4B-00C04F79EFBC}") = "ProjetoEstudio", "ProjetoEstudio.csproj", "{3C4793CF-983A-48CF-A4FD-0D74D1D41EBA}"
EndProject
Global
	GlobalSection(SolutionConfigurationPlatforms) = preSolution
		Debug|Any CPU = Debug|Any CPU
		Release|Any CPU = Release|Any CPU
	EndGlobalSection
	GlobalSection(ProjectConfigurationPlatforms) = postSolution
		{3C4793CF-983A-48CF-A4FD-0D74D1D41EBA}.Debug|Any CPU.ActiveCfg = Debug|Any CPU
		{3C4793CF-983A-48CF-A4FD-0D74D1D41EBA}.Debug|Any CPU.Build.0 = Debug|Any CPU
		{3C4793CF-983A-48CF-A4FD-0D74D1D41EBA}.Release|Any CPU.ActiveCfg = Release|Any CPU
		{3C4793CF-983A-48CF-A4FD-0D74D1D41EBA}.Release|Any CPU.Build.0 = Release|Any CPU
	EndGlobalSection
	GlobalSection(SolutionProperties) = preSolution
		HideSolutionNode = FALSE
	EndGlobalSection
	GlobalSection(ExtensibilityGlobals) = postSolution
		SolutionGuid = {43093D49-2A01-44CA-91EB-EF7ED94A957A}
	EndGlobalSection
EndGlobal
